{
  "name": "@brendangooch/screen-object",
  "version": "1.0.0",
  "lockfileVersion": 3,
  "requires": true,
  "packages": {
    "": {
      "name": "@brendangooch/screen-object",
      "version": "1.0.0",
      "license": "MIT",
      "dependencies": {
        "@brendangooch/canvas": "^1.0.0",
        "@brendangooch/dynamic-objects": "^1.0.1",
        "@brendangooch/maths": "^1.1.0",
        "@brendangooch/utils": "^2.1.1"
      },
      "devDependencies": {
        "typescript": "^5.4.5"
      }
    },
    "node_modules/@brendangooch/canvas": {
      "version": "1.0.0",
      "resolved": "https://registry.npmjs.org/@brendangooch/canvas/-/canvas-1.0.0.tgz",
      "integrity": "sha512-pOcT5jfg0NjW//YCuczd8KqPp1tSnzOFZZYhV0U9nUdU5EjBkhNJf7X9PVIkiJHbGmHj0xA+KBfwX2e9lgm+Vw==",
      "license": "MIT"
    },
    "node_modules/@brendangooch/dynamic-objects": {
      "version": "1.0.1",
      "resolved": "https://registry.npmjs.org/@brendangooch/dynamic-objects/-/dynamic-objects-1.0.1.tgz",
      "integrity": "sha512-g68xHGRGVBdSdKnt4JN+b0hHfnhFPls3c5JdYnwrG4Ab7Jtj/CK5ftJ5/rHHBa51iu39Sma7uKKkOHvfch/8ww==",
      "license": "MIT",
      "dependencies": {
        "@brendangooch/ease": "^1.1.0",
        "@brendangooch/maths": "^1.1.0"
      }
    },
    "node_modules/@brendangooch/ease": {
      "version": "1.2.0",
      "resolved": "https://registry.npmjs.org/@brendangooch/ease/-/ease-1.2.0.tgz",
      "integrity": "sha512-dtroW7++3UXJa0RSw/7BJU8/6GYi3+KlQEvo/yxDLlLX5tZqsPaIkk2oL9DTsE1rjqxtBkgQPnwHw0TwKnJCuA==",
      "license": "MIT"
    },
    "node_modules/@brendangooch/maths": {
      "version": "1.1.0",
      "resolved": "https://registry.npmjs.org/@brendangooch/maths/-/maths-1.1.0.tgz",
      "integrity": "sha512-membuGK8a3NWDNItHntbrHo5ClYMkdQO4m0NCxGdPZFDCpCRdGjVIkNS7Sh7jf25FHQUoXu/FF94wDsIbifS5g==",
      "license": "MIT"
    },
    "node_modules/@brendangooch/utils": {
      "version": "2.1.1",
      "resolved": "https://registry.npmjs.org/@brendangooch/utils/-/utils-2.1.1.tgz",
      "integrity": "sha512-ltFY4vSJhXSp57w/UIGDx4gbpg3TXQ4krCxZxnowW21F2whqwyLm0nMmfXyjfWBmZUiHseHVShsu4IojPmTJiQ==",
      "license": "MIT"
    },
    "node_modules/typescript": {
      "version": "5.4.5",
      "resolved": "https://registry.npmjs.org/typescript/-/typescript-5.4.5.tgz",
      "integrity": "sha512-vcI4UpRgg81oIRUFwR0WSIHKt11nJ7SAVlYNIu+QpqeyXP+gpQJy/Z4+F0aGxSE4MqwjyXvW/TzgkLAx2AGHwQ==",
      "dev": true,
      "license": "Apache-2.0",
      "bin": {
        "tsc": "bin/tsc",
        "tsserver": "bin/tsserver"
      },
      "engines": {
        "node": ">=14.17"
      }
    }
  }
}
